// !$*UTF8*$!
{
	archiveVersion = 1;
	classes = {
	};
	objectVersion = 46;
	objects = {

/* Begin PBXBuildFile section */
		687474201F4E822A00388DC4 /* LaunchScreen.storyboard in Resources */ = {isa = PBXBuildFile; fileRef = 6874741F1F4E822A00388DC4 /* LaunchScreen.storyboard */; };
		68D352071F47004D00DFBE6C /* ViewController.m in Sources */ = {isa = PBXBuildFile; fileRef = 68D352061F47004D00DFBE6C /* ViewController.m */; };
		68DFAB561F4434A200D2EDE2 /* main.m in Sources */ = {isa = PBXBuildFile; fileRef = 68DFAB551F4434A200D2EDE2 /* main.m */; };
		68DFAB591F4434A200D2EDE2 /* AppDelegate.m in Sources */ = {isa = PBXBuildFile; fileRef = 68DFAB581F4434A200D2EDE2 /* AppDelegate.m */; };
		68DFAB5F1F4434A200D2EDE2 /* Main.storyboard in Resources */ = {isa = PBXBuildFile; fileRef = 68DFAB5D1F4434A200D2EDE2 /* Main.storyboard */; };
		68DFAB611F4434A200D2EDE2 /* Assets.xcassets in Resources */ = {isa = PBXBuildFile; fileRef = 68DFAB601F4434A200D2EDE2 /* Assets.xcassets */; };
		68DFABA01F453D3300D2EDE2 /* TestViewController.m in Sources */ = {isa = PBXBuildFile; fileRef = 68DFAB9F1F453D3300D2EDE2 /* TestViewController.m */; };
		68DFABAF1F4586D100D2EDE2 /* SRChannelsContent.m in Sources */ = {isa = PBXBuildFile; fileRef = 68DFABA61F4586D100D2EDE2 /* SRChannelsContent.m */; };
		68DFABB01F4586D100D2EDE2 /* SRChannelsControl.m in Sources */ = {isa = PBXBuildFile; fileRef = 68DFABA81F4586D100D2EDE2 /* SRChannelsControl.m */; };
		68DFABB11F4586D100D2EDE2 /* SRChannelsTitle.m in Sources */ = {isa = PBXBuildFile; fileRef = 68DFABAA1F4586D100D2EDE2 /* SRChannelsTitle.m */; };
		68DFABB21F4586D100D2EDE2 /* SRChannelsTitleStyle.m in Sources */ = {isa = PBXBuildFile; fileRef = 68DFABAC1F4586D100D2EDE2 /* SRChannelsTitleStyle.m */; };
		68DFABB31F4586D100D2EDE2 /* UIColor+SRChannelsControl.m in Sources */ = {isa = PBXBuildFile; fileRef = 68DFABAE1F4586D100D2EDE2 /* UIColor+SRChannelsControl.m */; };
/* End PBXBuildFile section */

/* Begin PBXFileReference section */
		6874741F1F4E822A00388DC4 /* LaunchScreen.storyboard */ = {isa = PBXFileReference; fileEncoding = 4; lastKnownFileType = file.storyboard; path = LaunchScreen.storyboard; sourceTree = "<group>"; };
		68D352051F47004D00DFBE6C /* ViewController.h */ = {isa = PBXFileReference; fileEncoding = 4; lastKnownFileType = sourcecode.c.h; path = ViewController.h; sourceTree = "<group>"; };
		68D352061F47004D00DFBE6C /* ViewController.m */ = {isa = PBXFileReference; fileEncoding = 4; lastKnownFileType = sourcecode.c.objc; path = ViewController.m; sourceTree = "<group>"; };
		68DFAB511F4434A200D2EDE2 /* SRChannelsControlDemo.app */ = {isa = PBXFileReference; explicitFileType = wrapper.application; includeInIndex = 0; path = SRChannelsControlDemo.app; sourceTree = BUILT_PRODUCTS_DIR; };
		68DFAB551F4434A200D2EDE2 /* main.m */ = {isa = PBXFileReference; lastKnownFileType = sourcecode.c.objc; path = main.m; sourceTree = "<group>"; };
		68DFAB571F4434A200D2EDE2 /* AppDelegate.h */ = {isa = PBXFileReference; lastKnownFileType = sourcecode.c.h; path = AppDelegate.h; sourceTree = "<group>"; };
		68DFAB581F4434A200D2EDE2 /* AppDelegate.m */ = {isa = PBXFileReference; lastKnownFileType = sourcecode.c.objc; path = AppDelegate.m; sourceTree = "<group>"; };
		68DFAB5E1F4434A200D2EDE2 /* Base */ = {isa = PBXFileReference; lastKnownFileType = file.storyboard; name = Base; path = Base.lproj/Main.storyboard; sourceTree = "<group>"; };
		68DFAB601F4434A200D2EDE2 /* Assets.xcassets */ = {isa = PBXFileReference; lastKnownFileType = folder.assetcatalog; path = Assets.xcassets; sourceTree = "<group>"; };
		68DFAB651F4434A200D2EDE2 /* Info.plist */ = {isa = PBXFileReference; lastKnownFileType = text.plist.xml; path = Info.plist; sourceTree = "<group>"; };
		68DFAB9E1F453D3300D2EDE2 /* TestViewController.h */ = {isa = PBXFileReference; fileEncoding = 4; lastKnownFileType = sourcecode.c.h; path = TestViewController.h; sourceTree = "<group>"; };
		68DFAB9F1F453D3300D2EDE2 /* TestViewController.m */ = {isa = PBXFileReference; fileEncoding = 4; lastKnownFileType = sourcecode.c.objc; path = TestViewController.m; sourceTree = "<group>"; };
		68DFABA51F4586D100D2EDE2 /* SRChannelsContent.h */ = {isa = PBXFileReference; fileEncoding = 4; lastKnownFileType = sourcecode.c.h; path = SRChannelsContent.h; sourceTree = "<group>"; };
		68DFABA61F4586D100D2EDE2 /* SRChannelsContent.m */ = {isa = PBXFileReference; fileEncoding = 4; lastKnownFileType = sourcecode.c.objc; path = SRChannelsContent.m; sourceTree = "<group>"; };
		68DFABA71F4586D100D2EDE2 /* SRChannelsControl.h */ = {isa = PBXFileReference; fileEncoding = 4; lastKnownFileType = sourcecode.c.h; path = SRChannelsControl.h; sourceTree = "<group>"; };
		68DFABA81F4586D100D2EDE2 /* SRChannelsControl.m */ = {isa = PBXFileReference; fileEncoding = 4; lastKnownFileType = sourcecode.c.objc; path = SRChannelsControl.m; sourceTree = "<group>"; };
		68DFABA91F4586D100D2EDE2 /* SRChannelsTitle.h */ = {isa = PBXFileReference; fileEncoding = 4; lastKnownFileType = sourcecode.c.h; path = SRChannelsTitle.h; sourceTree = "<group>"; };
		68DFABAA1F4586D100D2EDE2 /* SRChannelsTitle.m */ = {isa = PBXFileReference; fileEncoding = 4; lastKnownFileType = sourcecode.c.objc; path = SRChannelsTitle.m; sourceTree = "<group>"; };
		68DFABAB1F4586D100D2EDE2 /* SRChannelsTitleStyle.h */ = {isa = PBXFileReference; fileEncoding = 4; lastKnownFileType = sourcecode.c.h; path = SRChannelsTitleStyle.h; sourceTree = "<group>"; };
		68DFABAC1F4586D100D2EDE2 /* SRChannelsTitleStyle.m */ = {isa = PBXFileReference; fileEncoding = 4; lastKnownFileType = sourcecode.c.objc; path = SRChannelsTitleStyle.m; sourceTree = "<group>"; };
		68DFABAD1F4586D100D2EDE2 /* UIColor+SRChannelsControl.h */ = {isa = PBXFileReference; fileEncoding = 4; lastKnownFileType = sourcecode.c.h; path = "UIColor+SRChannelsControl.h"; sourceTree = "<group>"; };
		68DFABAE1F4586D100D2EDE2 /* UIColor+SRChannelsControl.m */ = {isa = PBXFileReference; fileEncoding = 4; lastKnownFileType = sourcecode.c.objc; path = "UIColor+SRChannelsControl.m"; sourceTree = "<group>"; };
/* End PBXFileReference section */

/* Begin PBXFrameworksBuildPhase section */
		68DFAB4E1F4434A200D2EDE2 /* Frameworks */ = {
			isa = PBXFrameworksBuildPhase;
			buildActionMask = 2147483647;
			files = (
			);
			runOnlyForDeploymentPostprocessing = 0;
		};
/* End PBXFrameworksBuildPhase section */

/* Begin PBXGroup section */
		68DFAB481F4434A200D2EDE2 = {
			isa = PBXGroup;
			children = (
				68DFAB531F4434A200D2EDE2 /* SRChannelsControlDemo */,
				68DFAB521F4434A200D2EDE2 /* Products */,
			);
			sourceTree = "<group>";
		};
		68DFAB521F4434A200D2EDE2 /* Products */ = {
			isa = PBXGroup;
			children = (
				68DFAB511F4434A200D2EDE2 /* SRChannelsControlDemo.app */,
			);
			name = Products;
			sourceTree = "<group>";
		};
		68DFAB531F4434A200D2EDE2 /* SRChannelsControlDemo */ = {
			isa = PBXGroup;
			children = (
				68DFABA41F4586D100D2EDE2 /* SRChannelsControl */,
				68D352051F47004D00DFBE6C /* ViewController.h */,
				68D352061F47004D00DFBE6C /* ViewController.m */,
				68DFAB9E1F453D3300D2EDE2 /* TestViewController.h */,
				68DFAB9F1F453D3300D2EDE2 /* TestViewController.m */,
				68DFAB541F4434A200D2EDE2 /* Supporting Files */,
			);
			path = SRChannelsControlDemo;
			sourceTree = "<group>";
		};
		68DFAB541F4434A200D2EDE2 /* Supporting Files */ = {
			isa = PBXGroup;
			children = (
				68DFAB551F4434A200D2EDE2 /* main.m */,
				68DFAB571F4434A200D2EDE2 /* AppDelegate.h */,
				68DFAB581F4434A200D2EDE2 /* AppDelegate.m */,
				68DFAB5D1F4434A200D2EDE2 /* Main.storyboard */,
				68DFAB601F4434A200D2EDE2 /* Assets.xcassets */,
				6874741F1F4E822A00388DC4 /* LaunchScreen.storyboard */,
				68DFAB651F4434A200D2EDE2 /* Info.plist */,
			);
			name = "Supporting Files";
			sourceTree = "<group>";
		};
		68DFABA41F4586D100D2EDE2 /* SRChannelsControl */ = {
			isa = PBXGroup;
			children = (
				68DFABA71F4586D100D2EDE2 /* SRChannelsControl.h */,
				68DFABA81F4586D100D2EDE2 /* SRChannelsControl.m */,
				68DFABAB1F4586D100D2EDE2 /* SRChannelsTitleStyle.h */,
				68DFABAC1F4586D100D2EDE2 /* SRChannelsTitleStyle.m */,
				68DFABA91F4586D100D2EDE2 /* SRChannelsTitle.h */,
				68DFABAA1F4586D100D2EDE2 /* SRChannelsTitle.m */,
				68DFABA51F4586D100D2EDE2 /* SRChannelsContent.h */,
				68DFABA61F4586D100D2EDE2 /* SRChannelsContent.m */,
				68DFABAD1F4586D100D2EDE2 /* UIColor+SRChannelsControl.h */,
				68DFABAE1F4586D100D2EDE2 /* UIColor+SRChannelsControl.m */,
			);
			name = SRChannelsControl;
			path = ../../SRChannelsControl;
			sourceTree = "<group>";
		};
/* End PBXGroup section */

/* Begin PBXNativeTarget section */
		68DFAB501F4434A200D2EDE2 /* SRChannelsControlDemo */ = {
			isa = PBXNativeTarget;
			buildConfigurationList = 68DFAB681F4434A200D2EDE2 /* Build configuration list for PBXNativeTarget "SRChannelsControlDemo" */;
			buildPhases = (
				68DFAB4D1F4434A200D2EDE2 /* Sources */,
				68DFAB4E1F4434A200D2EDE2 /* Frameworks */,
				68DFAB4F1F4434A200D2EDE2 /* Resources */,
			);
			buildRules = (
			);
			dependencies = (
			);
			name = SRChannelsControlDemo;
			productName = SRChannelsControlDemo;
			productReference = 68DFAB511F4434A200D2EDE2 /* SRChannelsControlDemo.app */;
			productType = "com.apple.product-type.application";
		};
/* End PBXNativeTarget section */

/* Begin PBXProject section */
		68DFAB491F4434A200D2EDE2 /* Project object */ = {
			isa = PBXProject;
			attributes = {
				LastUpgradeCheck = 0830;
				ORGANIZATIONNAME = "郭伟林";
				TargetAttributes = {
					68DFAB501F4434A200D2EDE2 = {
						CreatedOnToolsVersion = 8.3.3;
						DevelopmentTeam = L8C6M6B8E9;
						ProvisioningStyle = Manual;
					};
				};
			};
			buildConfigurationList = 68DFAB4C1F4434A200D2EDE2 /* Build configuration list for PBXProject "SRChannelsControlDemo" */;
			compatibilityVersion = "Xcode 3.2";
			developmentRegion = English;
			hasScannedForEncodings = 0;
			knownRegions = (
				en,
				Base,
			);
			mainGroup = 68DFAB481F4434A200D2EDE2;
			productRefGroup = 68DFAB521F4434A200D2EDE2 /* Products */;
			projectDirPath = "";
			projectRoot = "";
			targets = (
				68DFAB501F4434A200D2EDE2 /* SRChannelsControlDemo */,
			);
		};
/* End PBXProject section */

/* Begin PBXResourcesBuildPhase section */
		68DFAB4F1F4434A200D2EDE2 /* Resources */ = {
			isa = PBXResourcesBuildPhase;
			buildActionMask = 2147483647;
			files = (
				687474201F4E822A00388DC4 /* LaunchScreen.storyboard in Resources */,
				68DFAB611F4434A200D2EDE2 /* Assets.xcassets in Resources */,
				68DFAB5F1F4434A200D2EDE2 /* Main.storyboard in Resources */,
			);
			runOnlyForDeploymentPostprocessing = 0;
		};
/* End PBXResourcesBuildPhase section */

/* Begin PBXSourcesBuildPhase section */
		68DFAB4D1F4434A200D2EDE2 /* Sources */ = {
			isa = PBXSourcesBuildPhase;
			buildActionMask = 2147483647;
			files = (
				68DFABB21F4586D100D2EDE2 /* SRChannelsTitleStyle.m in Sources */,
				68DFAB591F4434A200D2EDE2 /* AppDelegate.m in Sources */,
				68DFABB31F4586D100D2EDE2 /* UIColor+SRChannelsControl.m in Sources */,
				68DFABB01F4586D100D2EDE2 /* SRChannelsControl.m in Sources */,
				68D352071F47004D00DFBE6C /* ViewController.m in Sources */,
				68DFABA01F453D3300D2EDE2 /* TestViewController.m in Sources */,
				68DFABAF1F4586D100D2EDE2 /* SRChannelsContent.m in Sources */,
				68DFAB561F4434A200D2EDE2 /* main.m in Sources */,
				68DFABB11F4586D100D2EDE2 /* SRChannelsTitle.m in Sources */,
			);
			runOnlyForDeploymentPostprocessing = 0;
		};
/* End PBXSourcesBuildPhase section */

/* Begin PBXVariantGroup section */
		68DFAB5D1F4434A200D2EDE2 /* Main.storyboard */ = {
			isa = PBXVariantGroup;
			children = (
				68DFAB5E1F4434A200D2EDE2 /* Base */,
			);
			name = Main.storyboard;
			sourceTree = "<group>";
		};
/* End PBXVariantGroup section */

/* Begin XCBuildConfiguration section */
		68DFAB661F4434A200D2EDE2 /* Debug */ = {
			isa = XCBuildConfiguration;
			buildSettings = {
				ALWAYS_SEARCH_USER_PATHS = NO;
				CLANG_ANALYZER_NONNULL = YES;
				CLANG_ANALYZER_NUMBER_OBJECT_CONVERSION = YES_AGGRESSIVE;
				CLANG_CXX_LANGUAGE_STANDARD = "gnu++0x";
				CLANG_CXX_LIBRARY = "libc++";
				CLANG_ENABLE_MODULES = YES;
				CLANG_ENABLE_OBJC_ARC = YES;
				CLANG_WARN_BOOL_CONVERSION = YES;
				CLANG_WARN_CONSTANT_CONVERSION = YES;
				CLANG_WARN_DIRECT_OBJC_ISA_USAGE = YES_ERROR;
				CLANG_WARN_DOCUMENTATION_COMMENTS = YES;
				CLANG_WARN_EMPTY_BODY = YES;
				CLANG_WARN_ENUM_CONVERSION = YES;
				CLANG_WARN_INFINITE_RECURSION = YES;
				CLANG_WARN_INT_CONVERSION = YES;
				CLANG_WARN_OBJC_ROOT_CLASS = YES_ERROR;
				CLANG_WARN_SUSPICIOUS_MOVE = YES;
				CLANG_WARN_UNREACHABLE_CODE = YES;
				CLANG_WARN__DUPLICATE_METHOD_MATCH = YES;
				"CODE_SIGN_IDENTITY[sdk=iphoneos*]" = "iPhone Developer";
				COPY_PHASE_STRIP = NO;
				DEBUG_INFORMATION_FORMAT = dwarf;
				ENABLE_STRICT_OBJC_MSGSEND = YES;
				ENABLE_TESTABILITY = YES;
				GCC_C_LANGUAGE_STANDARD = gnu99;
				GCC_DYNAMIC_NO_PIC = NO;
				GCC_NO_COMMON_BLOCKS = YES;
				GCC_OPTIMIZATION_LEVEL = 0;
				GCC_PREPROCESSOR_DEFINITIONS = (
					"DEBUG=1",
					"$(inherited)",
				);
				GCC_WARN_64_TO_32_BIT_CONVERSION = YES;
				GCC_WARN_ABOUT_RETURN_TYPE = YES_ERROR;
				GCC_WARN_UNDECLARED_SELECTOR = YES;
				GCC_WARN_UNINITIALIZED_AUTOS = YES_AGGRESSIVE;
				GCC_WARN_UNUSED_FUNCTION = YES;
				GCC_WARN_UNUSED_VARIABLE = YES;
				IPHONEOS_DEPLOYMENT_TARGET = 10.3;
				MTL_ENABLE_DEBUG_INFO = YES;
				ONLY_ACTIVE_ARCH = YES;
				SDKROOT = iphoneos;
				TARGETED_DEVICE_FAMILY = "1,2";
			};
			name = Debug;
		};
		68DFAB671F4434A200D2EDE2 /* Release */ = {
			isa = XCBuildConfiguration;
			buildSettings = {
				ALWAYS_SEARCH_USER_PATHS = NO;
				CLANG_ANALYZER_NONNULL = YES;
				CLANG_ANALYZER_NUMBER_OBJECT_CONVERSION = YES_AGGRESSIVE;
				CLANG_CXX_LANGUAGE_STANDARD = "gnu++0x";
				CLANG_CXX_LIBRARY = "libc++";
				CLANG_ENABLE_MODULES = YES;
				CLANG_ENABLE_OBJC_ARC = YES;
				CLANG_WARN_BOOL_CONVERSION = YES;
				CLANG_WARN_CONSTANT_CONVERSION = YES;
				CLANG_WARN_DIRECT_OBJC_ISA_USAGE = YES_ERROR;
				CLANG_WARN_DOCUMENTATION_COMMENTS = YES;
				CLANG_WARN_EMPTY_BODY = YES;
				CLANG_WARN_ENUM_CONVERSION = YES;
				CLANG_WARN_INFINITE_RECURSION = YES;
				CLANG_WARN_INT_CONVERSION = YES;
				CLANG_WARN_OBJC_ROOT_CLASS = YES_ERROR;
				CLANG_WARN_SUSPICIOUS_MOVE = YES;
				CLANG_WARN_UNREACHABLE_CODE = YES;
				CLANG_WARN__DUPLICATE_METHOD_MATCH = YES;
				"CODE_SIGN_IDENTITY[sdk=iphoneos*]" = "iPhone Developer";
				COPY_PHASE_STRIP = NO;
				DEBUG_INFORMATION_FORMAT = "dwarf-with-dsym";
				ENABLE_NS_ASSERTIONS = NO;
				ENABLE_STRICT_OBJC_MSGSEND = YES;
				GCC_C_LANGUAGE_STANDARD = gnu99;
				GCC_NO_COMMON_BLOCKS = YES;
				GCC_WARN_64_TO_32_BIT_CONVERSION = YES;
				GCC_WARN_ABOUT_RETURN_TYPE = YES_ERROR;
				GCC_WARN_UNDECLARED_SELECTOR = YES;
				GCC_WARN_UNINITIALIZED_AUTOS = YES_AGGRESSIVE;
				GCC_WARN_UNUSED_FUNCTION = YES;
				GCC_WARN_UNUSED_VARIABLE = YES;
				IPHONEOS_DEPLOYMENT_TARGET = 10.3;
				MTL_ENABLE_DEBUG_INFO = NO;
				SDKROOT = iphoneos;
				TARGETED_DEVICE_FAMILY = "1,2";
				VALIDATE_PRODUCT = YES;
			};
			name = Release;
		};
		68DFAB691F4434A200D2EDE2 /* Debug */ = {
			isa = XCBuildConfiguration;
			buildSettings = {
				ASSETCATALOG_COMPILER_APPICON_NAME = AppIcon;
				DEVELOPMENT_TEAM = L8C6M6B8E9;
				INFOPLIST_FILE = SRChannelsControlDemo/Info.plist;
				IPHONEOS_DEPLOYMENT_TARGET = 9.0;
				LD_RUNPATH_SEARCH_PATHS = "$(inherited) @executable_path/Frameworks";
				PRODUCT_BUNDLE_IDENTIFIER = com.willing.SRChannelsControlDemo.ObjC;
				PRODUCT_NAME = "$(TARGET_NAME)";
				PROVISIONING_PROFILE = "41eaf476-bb76-4cb9-b2e9-b856cc3e9d97";
				PROVISIONING_PROFILE_SPECIFIER = "PP For All";
			};
			name = Debug;
		};
		68DFAB6A1F4434A200D2EDE2 /* Release */ = {
			isa = XCBuildConfiguration;
			buildSettings = {
				ASSETCATALOG_COMPILER_APPICON_NAME = AppIcon;
				DEVELOPMENT_TEAM = L8C6M6B8E9;
				INFOPLIST_FILE = SRChannelsControlDemo/Info.plist;
				IPHONEOS_DEPLOYMENT_TARGET = 9.0;
				LD_RUNPATH_SEARCH_PATHS = "$(inherited) @executable_path/Frameworks";
				PRODUCT_BUNDLE_IDENTIFIER = com.willing.SRChannelsControlDemo.ObjC;
				PRODUCT_NAME = "$(TARGET_NAME)";
				PROVISIONING_PROFILE = "41eaf476-bb76-4cb9-b2e9-b856cc3e9d97";
				PROVISIONING_PROFILE_SPECIFIER = "PP For All";
			};
			name = Release;
		};
/* End XCBuildConfiguration section */

/* Begin XCConfigurationList section */
		68DFAB4C1F4434A200D2EDE2 /* Build configuration list for PBXProject "SRChannelsControlDemo" */ = {
			isa = XCConfigurationList;
			buildConfigurations = (
				68DFAB661F4434A200D2EDE2 /* Debug */,
				68DFAB671F4434A200D2EDE2 /* Release */,
			);
			defaultConfigurationIsVisible = 0;
			defaultConfigurationName = Release;
		};
		68DFAB681F4434A200D2EDE2 /* Build configuration list for PBXNativeTarget "SRChannelsControlDemo" */ = {
			isa = XCConfigurationList;
			buildConfigurations = (
				68DFAB691F4434A200D2EDE2 /* Debug */,
				68DFAB6A1F4434A200D2EDE2 /* Release */,
			);
			defaultConfigurationIsVisible = 0;
			defaultConfigurationName = Release;
		};
/* End XCConfigurationList section */
	};
	rootObject = 68DFAB491F4434A200D2EDE2 /* Project object */;
}
